// !$*UTF8*$!
{
	archiveVersion = 1;
	classes = {
	};
	objectVersion = 51;
	objects = {

/* Begin PBXBuildFile section */
		067E5DD02548779800908DEC /* ProfileVCViewController.swift in Sources */ = {isa = PBXBuildFile; fileRef = 067E5DCF2548779800908DEC /* ProfileVCViewController.swift */; };
		0682769A254AD397002BB9F4 /* AddProfileViewController.swift in Sources */ = {isa = PBXBuildFile; fileRef = 06827699254AD397002BB9F4 /* AddProfileViewController.swift */; };
		06ACA9732546FF5600339FCF /* GalleryViewController.swift in Sources */ = {isa = PBXBuildFile; fileRef = 06ACA9722546FF5600339FCF /* GalleryViewController.swift */; };
		06ACA9762547444800339FCF /* CollectionViewCell.swift in Sources */ = {isa = PBXBuildFile; fileRef = 06ACA9742547444800339FCF /* CollectionViewCell.swift */; };
		06ACA9772547444800339FCF /* CollectionViewCell.xib in Resources */ = {isa = PBXBuildFile; fileRef = 06ACA9752547444800339FCF /* CollectionViewCell.xib */; };
		06C171092548027400005F68 /* User.swift in Sources */ = {isa = PBXBuildFile; fileRef = 06C171082548027400005F68 /* User.swift */; };
		06D8BC592546D318006C0BFF /* AppDelegate.swift in Sources */ = {isa = PBXBuildFile; fileRef = 06D8BC582546D318006C0BFF /* AppDelegate.swift */; };
		06D8BC5B2546D318006C0BFF /* SceneDelegate.swift in Sources */ = {isa = PBXBuildFile; fileRef = 06D8BC5A2546D318006C0BFF /* SceneDelegate.swift */; };
		06D8BC5D2546D318006C0BFF /* ViewController.swift in Sources */ = {isa = PBXBuildFile; fileRef = 06D8BC5C2546D318006C0BFF /* ViewController.swift */; };
		06D8BC602546D318006C0BFF /* Main.storyboard in Resources */ = {isa = PBXBuildFile; fileRef = 06D8BC5E2546D318006C0BFF /* Main.storyboard */; };
		06D8BC622546D31A006C0BFF /* Assets.xcassets in Resources */ = {isa = PBXBuildFile; fileRef = 06D8BC612546D31A006C0BFF /* Assets.xcassets */; };
		06D8BC652546D31A006C0BFF /* LaunchScreen.storyboard in Resources */ = {isa = PBXBuildFile; fileRef = 06D8BC632546D31A006C0BFF /* LaunchScreen.storyboard */; };
		06D8BC6E2546F941006C0BFF /* TableViewCell.swift in Sources */ = {isa = PBXBuildFile; fileRef = 06D8BC6C2546F941006C0BFF /* TableViewCell.swift */; };
		06D8BC6F2546F941006C0BFF /* TableViewCell.xib in Resources */ = {isa = PBXBuildFile; fileRef = 06D8BC6D2546F941006C0BFF /* TableViewCell.xib */; };
		06FB8BB5254C400600F0FEC1 /* Service.swift in Sources */ = {isa = PBXBuildFile; fileRef = 06FB8BB4254C400600F0FEC1 /* Service.swift */; };
		90F9B642791E68BFCE92E4EA /* Pods_UIKitBasicProject1.framework in Frameworks */ = {isa = PBXBuildFile; fileRef = 44E34CB31F5A61B8E08EA240 /* Pods_UIKitBasicProject1.framework */; };
/* End PBXBuildFile section */

/* Begin PBXFileReference section */
		067E5DCF2548779800908DEC /* ProfileVCViewController.swift */ = {isa = PBXFileReference; lastKnownFileType = sourcecode.swift; path = ProfileVCViewController.swift; sourceTree = "<group>"; };
		06827699254AD397002BB9F4 /* AddProfileViewController.swift */ = {isa = PBXFileReference; lastKnownFileType = sourcecode.swift; path = AddProfileViewController.swift; sourceTree = "<group>"; };
		06ACA9722546FF5600339FCF /* GalleryViewController.swift */ = {isa = PBXFileReference; lastKnownFileType = sourcecode.swift; path = GalleryViewController.swift; sourceTree = "<group>"; };
		06ACA9742547444800339FCF /* CollectionViewCell.swift */ = {isa = PBXFileReference; lastKnownFileType = sourcecode.swift; path = CollectionViewCell.swift; sourceTree = "<group>"; };
		06ACA9752547444800339FCF /* CollectionViewCell.xib */ = {isa = PBXFileReference; lastKnownFileType = file.xib; path = CollectionViewCell.xib; sourceTree = "<group>"; };
		06C171082548027400005F68 /* User.swift */ = {isa = PBXFileReference; lastKnownFileType = sourcecode.swift; path = User.swift; sourceTree = "<group>"; };
		06D8BC552546D318006C0BFF /* UIKitBasicProject1.app */ = {isa = PBXFileReference; explicitFileType = wrapper.application; includeInIndex = 0; path = UIKitBasicProject1.app; sourceTree = BUILT_PRODUCTS_DIR; };
		06D8BC582546D318006C0BFF /* AppDelegate.swift */ = {isa = PBXFileReference; lastKnownFileType = sourcecode.swift; path = AppDelegate.swift; sourceTree = "<group>"; };
		06D8BC5A2546D318006C0BFF /* SceneDelegate.swift */ = {isa = PBXFileReference; lastKnownFileType = sourcecode.swift; path = SceneDelegate.swift; sourceTree = "<group>"; };
		06D8BC5C2546D318006C0BFF /* ViewController.swift */ = {isa = PBXFileReference; lastKnownFileType = sourcecode.swift; path = ViewController.swift; sourceTree = "<group>"; };
		06D8BC5F2546D318006C0BFF /* Base */ = {isa = PBXFileReference; lastKnownFileType = file.storyboard; name = Base; path = Base.lproj/Main.storyboard; sourceTree = "<group>"; };
		06D8BC612546D31A006C0BFF /* Assets.xcassets */ = {isa = PBXFileReference; lastKnownFileType = folder.assetcatalog; path = Assets.xcassets; sourceTree = "<group>"; };
		06D8BC642546D31A006C0BFF /* Base */ = {isa = PBXFileReference; lastKnownFileType = file.storyboard; name = Base; path = Base.lproj/LaunchScreen.storyboard; sourceTree = "<group>"; };
		06D8BC662546D31A006C0BFF /* Info.plist */ = {isa = PBXFileReference; lastKnownFileType = text.plist.xml; path = Info.plist; sourceTree = "<group>"; };
		06D8BC6C2546F941006C0BFF /* TableViewCell.swift */ = {isa = PBXFileReference; lastKnownFileType = sourcecode.swift; path = TableViewCell.swift; sourceTree = "<group>"; };
		06D8BC6D2546F941006C0BFF /* TableViewCell.xib */ = {isa = PBXFileReference; lastKnownFileType = file.xib; path = TableViewCell.xib; sourceTree = "<group>"; };
		06FB8BB4254C400600F0FEC1 /* Service.swift */ = {isa = PBXFileReference; lastKnownFileType = sourcecode.swift; path = Service.swift; sourceTree = "<group>"; };
		2D25D6079A1339B4DFAE5404 /* Pods-UIKitBasicProject1.release.xcconfig */ = {isa = PBXFileReference; includeInIndex = 1; lastKnownFileType = text.xcconfig; name = "Pods-UIKitBasicProject1.release.xcconfig"; path = "Target Support Files/Pods-UIKitBasicProject1/Pods-UIKitBasicProject1.release.xcconfig"; sourceTree = "<group>"; };
		44E34CB31F5A61B8E08EA240 /* Pods_UIKitBasicProject1.framework */ = {isa = PBXFileReference; explicitFileType = wrapper.framework; includeInIndex = 0; path = Pods_UIKitBasicProject1.framework; sourceTree = BUILT_PRODUCTS_DIR; };
		4F5C00BD6A45034031FD1627 /* Pods-UIKitBasicProject1.debug.xcconfig */ = {isa = PBXFileReference; includeInIndex = 1; lastKnownFileType = text.xcconfig; name = "Pods-UIKitBasicProject1.debug.xcconfig"; path = "Target Support Files/Pods-UIKitBasicProject1/Pods-UIKitBasicProject1.debug.xcconfig"; sourceTree = "<group>"; };
/* End PBXFileReference section */

/* Begin PBXFrameworksBuildPhase section */
		06D8BC522546D318006C0BFF /* Frameworks */ = {
			isa = PBXFrameworksBuildPhase;
			buildActionMask = 2147483647;
			files = (
				90F9B642791E68BFCE92E4EA /* Pods_UIKitBasicProject1.framework in Frameworks */,
			);
			runOnlyForDeploymentPostprocessing = 0;
		};
/* End PBXFrameworksBuildPhase section */

/* Begin PBXGroup section */
		06C171072548021500005F68 /* Supporting Files */ = {
			isa = PBXGroup;
			children = (
				06D8BC5A2546D318006C0BFF /* SceneDelegate.swift */,
				06D8BC632546D31A006C0BFF /* LaunchScreen.storyboard */,
				06D8BC612546D31A006C0BFF /* Assets.xcassets */,
				06D8BC582546D318006C0BFF /* AppDelegate.swift */,
			);
			path = "Supporting Files";
			sourceTree = "<group>";
		};
		06D8BC4C2546D318006C0BFF = {
			isa = PBXGroup;
			children = (
				06D8BC572546D318006C0BFF /* UIKitBasicProject1 */,
				06D8BC562546D318006C0BFF /* Products */,
				2FC0F7B10DECEDBF43D6177D /* Pods */,
				5A35506FAE1A3BDC6C5E355A /* Frameworks */,
			);
			sourceTree = "<group>";
		};
		06D8BC562546D318006C0BFF /* Products */ = {
			isa = PBXGroup;
			children = (
				06D8BC552546D318006C0BFF /* UIKitBasicProject1.app */,
			);
			name = Products;
			sourceTree = "<group>";
		};
		06D8BC572546D318006C0BFF /* UIKitBasicProject1 */ = {
			isa = PBXGroup;
			children = (
				06C171072548021500005F68 /* Supporting Files */,
				06C171082548027400005F68 /* User.swift */,
				06ACA9722546FF5600339FCF /* GalleryViewController.swift */,
				067E5DCF2548779800908DEC /* ProfileVCViewController.swift */,
				06827699254AD397002BB9F4 /* AddProfileViewController.swift */,
				06ACA9742547444800339FCF /* CollectionViewCell.swift */,
				06ACA9752547444800339FCF /* CollectionViewCell.xib */,
				06D8BC5C2546D318006C0BFF /* ViewController.swift */,
				06FB8BB4254C400600F0FEC1 /* Service.swift */,
				06D8BC6C2546F941006C0BFF /* TableViewCell.swift */,
				06D8BC6D2546F941006C0BFF /* TableViewCell.xib */,
				06D8BC5E2546D318006C0BFF /* Main.storyboard */,
				06D8BC662546D31A006C0BFF /* Info.plist */,
			);
			path = UIKitBasicProject1;
			sourceTree = "<group>";
		};
		2FC0F7B10DECEDBF43D6177D /* Pods */ = {
			isa = PBXGroup;
			children = (
				4F5C00BD6A45034031FD1627 /* Pods-UIKitBasicProject1.debug.xcconfig */,
				2D25D6079A1339B4DFAE5404 /* Pods-UIKitBasicProject1.release.xcconfig */,
			);
			path = Pods;
			sourceTree = "<group>";
		};
		5A35506FAE1A3BDC6C5E355A /* Frameworks */ = {
			isa = PBXGroup;
			children = (
				44E34CB31F5A61B8E08EA240 /* Pods_UIKitBasicProject1.framework */,
			);
			name = Frameworks;
			sourceTree = "<group>";
		};
/* End PBXGroup section */

/* Begin PBXNativeTarget section */
		06D8BC542546D318006C0BFF /* UIKitBasicProject1 */ = {
			isa = PBXNativeTarget;
			buildConfigurationList = 06D8BC692546D31A006C0BFF /* Build configuration list for PBXNativeTarget "UIKitBasicProject1" */;
			buildPhases = (
				48020D440740E189A53EBA93 /* [CP] Check Pods Manifest.lock */,
				06D8BC512546D318006C0BFF /* Sources */,
				06D8BC522546D318006C0BFF /* Frameworks */,
				06D8BC532546D318006C0BFF /* Resources */,
				E937F913327DAC9F1162AD3C /* [CP] Embed Pods Frameworks */,
			);
			buildRules = (
			);
			dependencies = (
			);
			name = UIKitBasicProject1;
			productName = UIKitBasicProject1;
			productReference = 06D8BC552546D318006C0BFF /* UIKitBasicProject1.app */;
			productType = "com.apple.product-type.application";
		};
/* End PBXNativeTarget section */

/* Begin PBXProject section */
		06D8BC4D2546D318006C0BFF /* Project object */ = {
			isa = PBXProject;
			attributes = {
				LastSwiftUpdateCheck = 1170;
				LastUpgradeCheck = 1170;
				ORGANIZATIONNAME = "Asal 2";
				TargetAttributes = {
					06D8BC542546D318006C0BFF = {
						CreatedOnToolsVersion = 11.7;
					};
				};
			};
			buildConfigurationList = 06D8BC502546D318006C0BFF /* Build configuration list for PBXProject "UIKitBasicProject1" */;
			compatibilityVersion = "Xcode 9.3";
			developmentRegion = en;
			hasScannedForEncodings = 0;
			knownRegions = (
				en,
				Base,
			);
			mainGroup = 06D8BC4C2546D318006C0BFF;
			productRefGroup = 06D8BC562546D318006C0BFF /* Products */;
			projectDirPath = "";
			projectRoot = "";
			targets = (
				06D8BC542546D318006C0BFF /* UIKitBasicProject1 */,
			);
		};
/* End PBXProject section */

/* Begin PBXResourcesBuildPhase section */
		06D8BC532546D318006C0BFF /* Resources */ = {
			isa = PBXResourcesBuildPhase;
			buildActionMask = 2147483647;
			files = (
				06D8BC652546D31A006C0BFF /* LaunchScreen.storyboard in Resources */,
				06D8BC6F2546F941006C0BFF /* TableViewCell.xib in Resources */,
				06D8BC622546D31A006C0BFF /* Assets.xcassets in Resources */,
				06D8BC602546D318006C0BFF /* Main.storyboard in Resources */,
				06ACA9772547444800339FCF /* CollectionViewCell.xib in Resources */,
			);
			runOnlyForDeploymentPostprocessing = 0;
		};
/* End PBXResourcesBuildPhase section */

/* Begin PBXShellScriptBuildPhase section */
		48020D440740E189A53EBA93 /* [CP] Check Pods Manifest.lock */ = {
			isa = PBXShellScriptBuildPhase;
			buildActionMask = 2147483647;
			files = (
			);
			inputFileListPaths = (
			);
			inputPaths = (
				"${PODS_PODFILE_DIR_PATH}/Podfile.lock",
				"${PODS_ROOT}/Manifest.lock",
			);
			name = "[CP] Check Pods Manifest.lock";
			outputFileListPaths = (
			);
			outputPaths = (
				"$(DERIVED_FILE_DIR)/Pods-UIKitBasicProject1-checkManifestLockResult.txt",
			);
			runOnlyForDeploymentPostprocessing = 0;
			shellPath = /bin/sh;
			shellScript = "diff \"${PODS_PODFILE_DIR_PATH}/Podfile.lock\" \"${PODS_ROOT}/Manifest.lock\" > /dev/null\nif [ $? != 0 ] ; then\n    # print error to STDERR\n    echo \"error: The sandbox is not in sync with the Podfile.lock. Run 'pod install' or update your CocoaPods installation.\" >&2\n    exit 1\nfi\n# This output is used by Xcode 'outputs' to avoid re-running this script phase.\necho \"SUCCESS\" > \"${SCRIPT_OUTPUT_FILE_0}\"\n";
			showEnvVarsInLog = 0;
		};
		E937F913327DAC9F1162AD3C /* [CP] Embed Pods Frameworks */ = {
			isa = PBXShellScriptBuildPhase;
			buildActionMask = 2147483647;
			files = (
			);
			inputFileListPaths = (
				"${PODS_ROOT}/Target Support Files/Pods-UIKitBasicProject1/Pods-UIKitBasicProject1-frameworks-${CONFIGURATION}-input-files.xcfilelist",
			);
			name = "[CP] Embed Pods Frameworks";
			outputFileListPaths = (
				"${PODS_ROOT}/Target Support Files/Pods-UIKitBasicProject1/Pods-UIKitBasicProject1-frameworks-${CONFIGURATION}-output-files.xcfilelist",
			);
			runOnlyForDeploymentPostprocessing = 0;
			shellPath = /bin/sh;
			shellScript = "\"${PODS_ROOT}/Target Support Files/Pods-UIKitBasicProject1/Pods-UIKitBasicProject1-frameworks.sh\"\n";
			showEnvVarsInLog = 0;
		};
/* End PBXShellScriptBuildPhase section */

/* Begin PBXSourcesBuildPhase section */
		06D8BC512546D318006C0BFF /* Sources */ = {
			isa = PBXSourcesBuildPhase;
			buildActionMask = 2147483647;
			files = (
				06D8BC5D2546D318006C0BFF /* ViewController.swift in Sources */,
				067E5DD02548779800908DEC /* ProfileVCViewController.swift in Sources */,
				06D8BC6E2546F941006C0BFF /* TableViewCell.swift in Sources */,
				06ACA9762547444800339FCF /* CollectionViewCell.swift in Sources */,
				0682769A254AD397002BB9F4 /* AddProfileViewController.swift in Sources */,
				06ACA9732546FF5600339FCF /* GalleryViewController.swift in Sources */,
				06D8BC592546D318006C0BFF /* AppDelegate.swift in Sources */,
				06FB8BB5254C400600F0FEC1 /* Service.swift in Sources */,
				06D8BC5B2546D318006C0BFF /* SceneDelegate.swift in Sources */,
				06C171092548027400005F68 /* User.swift in Sources */,
			);
			runOnlyForDeploymentPostprocessing = 0;
		};
/* End PBXSourcesBuildPhase section */

/* Begin PBXVariantGroup section */
		06D8BC5E2546D318006C0BFF /* Main.storyboard */ = {
			isa = PBXVariantGroup;
			children = (
				06D8BC5F2546D318006C0BFF /* Base */,
			);
			name = Main.storyboard;
			sourceTree = "<group>";
		};
		06D8BC632546D31A006C0BFF /* LaunchScreen.storyboard */ = {
			isa = PBXVariantGroup;
			children = (
				06D8BC642546D31A006C0BFF /* Base */,
			);
			name = LaunchScreen.storyboard;
			sourceTree = "<group>";
		};
/* End PBXVariantGroup section */

/* Begin XCBuildConfiguration section */
		06D8BC672546D31A006C0BFF /* Debug */ = {
			isa = XCBuildConfiguration;
			buildSettings = {
				ALWAYS_SEARCH_USER_PATHS = NO;
				CLANG_ANALYZER_NONNULL = YES;
				CLANG_ANALYZER_NUMBER_OBJECT_CONVERSION = YES_AGGRESSIVE;
				CLANG_CXX_LANGUAGE_STANDARD = "gnu++14";
				CLANG_CXX_LIBRARY = "libc++";
				CLANG_ENABLE_MODULES = YES;
				CLANG_ENABLE_OBJC_ARC = YES;
				CLANG_ENABLE_OBJC_WEAK = YES;
				CLANG_WARN_BLOCK_CAPTURE_AUTORELEASING = YES;
				CLANG_WARN_BOOL_CONVERSION = YES;
				CLANG_WARN_COMMA = YES;
				CLANG_WARN_CONSTANT_CONVERSION = YES;
				CLANG_WARN_DEPRECATED_OBJC_IMPLEMENTATIONS = YES;
				CLANG_WARN_DIRECT_OBJC_ISA_USAGE = YES_ERROR;
				CLANG_WARN_DOCUMENTATION_COMMENTS = YES;
				CLANG_WARN_EMPTY_BODY = YES;
				CLANG_WARN_ENUM_CONVERSION = YES;
				CLANG_WARN_INFINITE_RECURSION = YES;
				CLANG_WARN_INT_CONVERSION = YES;
				CLANG_WARN_NON_LITERAL_NULL_CONVERSION = YES;
				CLANG_WARN_OBJC_IMPLICIT_RETAIN_SELF = YES;
				CLANG_WARN_OBJC_LITERAL_CONVERSION = YES;
				CLANG_WARN_OBJC_ROOT_CLASS = YES_ERROR;
				CLANG_WARN_RANGE_LOOP_ANALYSIS = YES;
				CLANG_WARN_STRICT_PROTOTYPES = YES;
				CLANG_WARN_SUSPICIOUS_MOVE = YES;
				CLANG_WARN_UNGUARDED_AVAILABILITY = YES_AGGRESSIVE;
				CLANG_WARN_UNREACHABLE_CODE = YES;
				CLANG_WARN__DUPLICATE_METHOD_MATCH = YES;
				COPY_PHASE_STRIP = NO;
				DEBUG_INFORMATION_FORMAT = dwarf;
				ENABLE_STRICT_OBJC_MSGSEND = YES;
				ENABLE_TESTABILITY = YES;
				GCC_C_LANGUAGE_STANDARD = gnu11;
				GCC_DYNAMIC_NO_PIC = NO;
				GCC_NO_COMMON_BLOCKS = YES;
				GCC_OPTIMIZATION_LEVEL = 0;
				GCC_PREPROCESSOR_DEFINITIONS = (
					"DEBUG=1",
					"$(inherited)",
				);
				GCC_WARN_64_TO_32_BIT_CONVERSION = YES;
				GCC_WARN_ABOUT_RETURN_TYPE = YES_ERROR;
				GCC_WARN_UNDECLARED_SELECTOR = YES;
				GCC_WARN_UNINITIALIZED_AUTOS = YES_AGGRESSIVE;
				GCC_WARN_UNUSED_FUNCTION = YES;
				GCC_WARN_UNUSED_VARIABLE = YES;
				IPHONEOS_DEPLOYMENT_TARGET = 13.7;
				MTL_ENABLE_DEBUG_INFO = INCLUDE_SOURCE;
				MTL_FAST_MATH = YES;
				ONLY_ACTIVE_ARCH = YES;
				SDKROOT = iphoneos;
				SWIFT_ACTIVE_COMPILATION_CONDITIONS = DEBUG;
				SWIFT_OPTIMIZATION_LEVEL = "-Onone";
			};
			name = Debug;
		};
		06D8BC682546D31A006C0BFF /* Release */ = {
			isa = XCBuildConfiguration;
			buildSettings = {
				ALWAYS_SEARCH_USER_PATHS = NO;
				CLANG_ANALYZER_NONNULL = YES;
				CLANG_ANALYZER_NUMBER_OBJECT_CONVERSION = YES_AGGRESSIVE;
				CLANG_CXX_LANGUAGE_STANDARD = "gnu++14";
				CLANG_CXX_LIBRARY = "libc++";
				CLANG_ENABLE_MODULES = YES;
				CLANG_ENABLE_OBJC_ARC = YES;
				CLANG_ENABLE_OBJC_WEAK = YES;
				CLANG_WARN_BLOCK_CAPTURE_AUTORELEASING = YES;
				CLANG_WARN_BOOL_CONVERSION = YES;
				CLANG_WARN_COMMA = YES;
				CLANG_WARN_CONSTANT_CONVERSION = YES;
				CLANG_WARN_DEPRECATED_OBJC_IMPLEMENTATIONS = YES;
				CLANG_WARN_DIRECT_OBJC_ISA_USAGE = YES_ERROR;
				CLANG_WARN_DOCUMENTATION_COMMENTS = YES;
				CLANG_WARN_EMPTY_BODY = YES;
				CLANG_WARN_ENUM_CONVERSION = YES;
				CLANG_WARN_INFINITE_RECURSION = YES;
				CLANG_WARN_INT_CONVERSION = YES;
				CLANG_WARN_NON_LITERAL_NULL_CONVERSION = YES;
				CLANG_WARN_OBJC_IMPLICIT_RETAIN_SELF = YES;
				CLANG_WARN_OBJC_LITERAL_CONVERSION = YES;
				CLANG_WARN_OBJC_ROOT_CLASS = YES_ERROR;
				CLANG_WARN_RANGE_LOOP_ANALYSIS = YES;
				CLANG_WARN_STRICT_PROTOTYPES = YES;
				CLANG_WARN_SUSPICIOUS_MOVE = YES;
				CLANG_WARN_UNGUARDED_AVAILABILITY = YES_AGGRESSIVE;
				CLANG_WARN_UNREACHABLE_CODE = YES;
				CLANG_WARN__DUPLICATE_METHOD_MATCH = YES;
				COPY_PHASE_STRIP = NO;
				DEBUG_INFORMATION_FORMAT = "dwarf-with-dsym";
				ENABLE_NS_ASSERTIONS = NO;
				ENABLE_STRICT_OBJC_MSGSEND = YES;
				GCC_C_LANGUAGE_STANDARD = gnu11;
				GCC_NO_COMMON_BLOCKS = YES;
				GCC_WARN_64_TO_32_BIT_CONVERSION = YES;
				GCC_WARN_ABOUT_RETURN_TYPE = YES_ERROR;
				GCC_WARN_UNDECLARED_SELECTOR = YES;
				GCC_WARN_UNINITIALIZED_AUTOS = YES_AGGRESSIVE;
				GCC_WARN_UNUSED_FUNCTION = YES;
				GCC_WARN_UNUSED_VARIABLE = YES;
				IPHONEOS_DEPLOYMENT_TARGET = 13.7;
				MTL_ENABLE_DEBUG_INFO = NO;
				MTL_FAST_MATH = YES;
				SDKROOT = iphoneos;
				SWIFT_COMPILATION_MODE = wholemodule;
				SWIFT_OPTIMIZATION_LEVEL = "-O";
				VALIDATE_PRODUCT = YES;
			};
			name = Release;
		};
		06D8BC6A2546D31A006C0BFF /* Debug */ = {
			isa = XCBuildConfiguration;
			baseConfigurationReference = 4F5C00BD6A45034031FD1627 /* Pods-UIKitBasicProject1.debug.xcconfig */;
			buildSettings = {
				ASSETCATALOG_COMPILER_APPICON_NAME = AppIcon;
				CODE_SIGN_STYLE = Automatic;
				INFOPLIST_FILE = UIKitBasicProject1/Info.plist;
				LD_RUNPATH_SEARCH_PATHS = (
					"$(inherited)",
					"@executable_path/Frameworks",
				);
				PRODUCT_BUNDLE_IDENTIFIER = com.Asal.UIKitBasicProject1;
				PRODUCT_NAME = "$(TARGET_NAME)";
				SWIFT_VERSION = 5.0;
				TARGETED_DEVICE_FAMILY = "1,2";
			};
			name = Debug;
		};
		06D8BC6B2546D31A006C0BFF /* Release */ = {
			isa = XCBuildConfiguration;
			baseConfigurationReference = 2D25D6079A1339B4DFAE5404 /* Pods-UIKitBasicProject1.release.xcconfig */;
			buildSettings = {
				ASSETCATALOG_COMPILER_APPICON_NAME = AppIcon;
				CODE_SIGN_STYLE = Automatic;
				INFOPLIST_FILE = UIKitBasicProject1/Info.plist;
				LD_RUNPATH_SEARCH_PATHS = (
					"$(inherited)",
					"@executable_path/Frameworks",
				);
				PRODUCT_BUNDLE_IDENTIFIER = com.Asal.UIKitBasicProject1;
				PRODUCT_NAME = "$(TARGET_NAME)";
				SWIFT_VERSION = 5.0;
				TARGETED_DEVICE_FAMILY = "1,2";
			};
			name = Release;
		};
/* End XCBuildConfiguration section */

/* Begin XCConfigurationList section */
		06D8BC502546D318006C0BFF /* Build configuration list for PBXProject "UIKitBasicProject1" */ = {
			isa = XCConfigurationList;
			buildConfigurations = (
				06D8BC672546D31A006C0BFF /* Debug */,
				06D8BC682546D31A006C0BFF /* Release */,
			);
			defaultConfigurationIsVisible = 0;
			defaultConfigurationName = Release;
		};
		06D8BC692546D31A006C0BFF /* Build configuration list for PBXNativeTarget "UIKitBasicProject1" */ = {
			isa = XCConfigurationList;
			buildConfigurations = (
				06D8BC6A2546D31A006C0BFF /* Debug */,
				06D8BC6B2546D31A006C0BFF /* Release */,
			);
			defaultConfigurationIsVisible = 0;
			defaultConfigurationName = Release;
		};
/* End XCConfigurationList section */
	};
	rootObject = 06D8BC4D2546D318006C0BFF /* Project object */;
}
